
Microsoft Visual Studio Solution File, Format Version 12.00
# Visual Studio 2012
Project("{FAE04EC0-301F-11D3-BF4B-00C04F79EFBC}") = "Mp3Wiki", "Mp3Wiki\Mp3Wiki.csproj", "{8226EE58-933B-41B7-AD84-34FF8D916748}"
EndProject
Project("{FAE04EC0-301F-11D3-BF4B-00C04F79EFBC}") = "API", "API\API.csproj", "{93F0D788-6C75-43B5-9460-450466C3612F}"
EndProject
Project("{FAE04EC0-301F-11D3-BF4B-00C04F79EFBC}") = "Data", "Data\Data.csproj", "{FD080449-05CA-4C96-A65F-990A88A9121F}"
EndProject
Global
	GlobalSection(SolutionConfigurationPlatforms) = preSolution
		Debug|Any CPU = Debug|Any CPU
		Release|Any CPU = Release|Any CPU
	EndGlobalSection
	GlobalSection(ProjectConfigurationPlatforms) = postSolution
		{8226EE58-933B-41B7-AD84-34FF8D916748}.Debug|Any CPU.ActiveCfg = Debug|Any CPU
		{8226EE58-933B-41B7-AD84-34FF8D916748}.Debug|Any CPU.Build.0 = Debug|Any CPU
		{8226EE58-933B-41B7-AD84-34FF8D916748}.Release|Any CPU.ActiveCfg = Release|Any CPU
		{8226EE58-933B-41B7-AD84-34FF8D916748}.Release|Any CPU.Build.0 = Release|Any CPU
		{93F0D788-6C75-43B5-9460-450466C3612F}.Debug|Any CPU.ActiveCfg = Debug|Any CPU
		{93F0D788-6C75-43B5-9460-450466C3612F}.Debug|Any CPU.Build.0 = Debug|Any CPU
		{93F0D788-6C75-43B5-9460-450466C3612F}.Release|Any CPU.ActiveCfg = Release|Any CPU
		{93F0D788-6C75-43B5-9460-450466C3612F}.Release|Any CPU.Build.0 = Release|Any CPU
		{FD080449-05CA-4C96-A65F-990A88A9121F}.Debug|Any CPU.ActiveCfg = Debug|Any CPU
		{FD080449-05CA-4C96-A65F-990A88A9121F}.Debug|Any CPU.Build.0 = Debug|Any CPU
		{FD080449-05CA-4C96-A65F-990A88A9121F}.Release|Any CPU.ActiveCfg = Release|Any CPU
		{FD080449-05CA-4C96-A65F-990A88A9121F}.Release|Any CPU.Build.0 = Release|Any CPU
	EndGlobalSection
	GlobalSection(SolutionProperties) = preSolution
		HideSolutionNode = FALSE
	EndGlobalSection
EndGlobal
